
Microsoft Visual Studio Solution File, Format Version 12.00
# Visual Studio Version 17
VisualStudioVersion = 17.8.34511.84
MinimumVisualStudioVersion = 10.0.40219.1
Project("{FAE04EC0-301F-11D3-BF4B-00C04F79EFBC}") = "Banking_Project", "Banking_Project.csproj", "{2DFEFF8F-EB4B-4812-BA36-51E75E4671AE}"
EndProject
Global
	GlobalSection(SolutionConfigurationPlatforms) = preSolution
		Debug|Any CPU = Debug|Any CPU
		Release|Any CPU = Release|Any CPU
	EndGlobalSection
	GlobalSection(ProjectConfigurationPlatforms) = postSolution
		{2DFEFF8F-EB4B-4812-BA36-51E75E4671AE}.Debug|Any CPU.ActiveCfg = Debug|Any CPU
		{2DFEFF8F-EB4B-4812-BA36-51E75E4671AE}.Debug|Any CPU.Build.0 = Debug|Any CPU
		{2DFEFF8F-EB4B-4812-BA36-51E75E4671AE}.Release|Any CPU.ActiveCfg = Release|Any CPU
		{2DFEFF8F-EB4B-4812-BA36-51E75E4671AE}.Release|Any CPU.Build.0 = Release|Any CPU
	EndGlobalSection
	GlobalSection(SolutionProperties) = preSolution
		HideSolutionNode = FALSE
	EndGlobalSection
	GlobalSection(ExtensibilityGlobals) = postSolution
		SolutionGuid = {E9B597C2-26E9-47BB-B601-BB148946A5E7}
	EndGlobalSection
EndGlobal
